<?xml version="1.0" encoding="utf-8"?>
<Project ToolsVersion="4.0" xmlns="http://schemas.microsoft.com/developer/msbuild/2003">
  <ItemGroup>
    <Filter Include="Source Files">
      <UniqueIdentifier>{4FC737F1-C7A5-4376-A066-2A32D752A2FF}</UniqueIdentifier>
      <Extensions>cpp;c;cc;cxx;def;odl;idl;hpj;bat;asm;asmx</Extensions>
    </Filter>
    <Filter Include="Header Files">
      <UniqueIdentifier>{93995380-89BD-4b04-88EB-625FBE52EBFB}</UniqueIdentifier>
      <Extensions>h;hh;hpp;hxx;hm;inl;inc;xsd</Extensions>
    </Filter>
    <Filter Include="Resource Files">
      <UniqueIdentifier>{67DA6AB6-F800-4c08-8B7A-83BB121AAD01}</UniqueIdentifier>
      <Extensions>rc;ico;cur;bmp;dlg;rc2;rct;bin;rgs;gif;jpg;jpeg;jpe;resx;tiff;tif;png;wav;mfcribbon-ms</Extensions>
    </Filter>
  </ItemGroup>
  <ItemGroup>
    <Text Include="ReadMe.txt" />
  </ItemGroup>
  <ItemGroup>
    <ClInclude Include="stdafx.h">
      <Filter>Header Files</Filter>
    </ClInclude>
    <ClInclude Include="targetver.h">
      <Filter>Header Files</Filter>
    </ClInclude>
    <ClInclude Include="MathematicsModule\CalculateAbsolutePosition.h">
      <Filter>Header Files</Filter>
    </ClInclude>
    <ClInclude Include="MathematicsModule\CalculateRelativePosition.h">
      <Filter>Header Files</Filter>
    </ClInclude>
    <ClInclude Include="SensoryDataRetrievalModule\DW1000SensoryData.h">
      <Filter>Header Files</Filter>
    </ClInclude>
    <ClInclude Include="SensoryDataRetrievalModule\IMUSensoryData.h">
      <Filter>Header Files</Filter>
    </ClInclude>
    <ClInclude Include="UtilitiesModule\EuclidianCoordinate.h">
      <Filter>Header Files</Filter>
    </ClInclude>
    <ClInclude Include="UtilitiesModule\GPSCoordinate.h">
      <Filter>Header Files</Filter>
    </ClInclude>
    <ClInclude Include="SensoryDataRetrievalModule\GPSSensoryData.h">
      <Filter>Header Files</Filter>
    </ClInclude>
    <ClInclude Include="UIModule\GraphicElementsPreparation.h">
      <Filter>Header Files</Filter>
    </ClInclude>
    <ClInclude Include="MathematicsModule\NonlinearNonquadratic4x3SistemSolver.h">
      <Filter>Header Files</Filter>
    </ClInclude>
    <ClInclude Include="UtilitiesModule\GeometricalUtils.h">
      <Filter>Header Files</Filter>
    </ClInclude>
    <ClInclude Include="UtilitiesModule\MathUtils.h">
      <Filter>Header Files</Filter>
    </ClInclude>
    <ClInclude Include="UtilitiesModule\SphericalCoordinate.h">
      <Filter>Header Files</Filter>
    </ClInclude>
    <ClInclude Include="UIModule\DisplayDriver.h">
      <Filter>Header Files</Filter>
    </ClInclude>
    <ClInclude Include="UIModule\Font.h">
      <Filter>Header Files</Filter>
    </ClInclude>
  </ItemGroup>
  <ItemGroup>
    <ClCompile Include="stdafx.cpp">
      <Filter>Source Files</Filter>
    </ClCompile>
    <ClCompile Include="LocIn2Go.cpp">
      <Filter>Source Files</Filter>
    </ClCompile>
    <ClCompile Include="MainModule\Loc2Go.cpp">
      <Filter>Source Files</Filter>
    </ClCompile>
    <ClCompile Include="MathematicsModule\CalculateAbsolutePosition.cpp">
      <Filter>Source Files</Filter>
    </ClCompile>
    <ClCompile Include="MathematicsModule\CalculateRelativePosition.cpp">
      <Filter>Source Files</Filter>
    </ClCompile>
    <ClCompile Include="SensoryDataRetrievalModule\DW1000SensoryData.cpp">
      <Filter>Source Files</Filter>
    </ClCompile>
    <ClCompile Include="SensoryDataRetrievalModule\IMUSensoryData.cpp">
      <Filter>Source Files</Filter>
    </ClCompile>
    <ClCompile Include="UtilitiesModule\EuclidianCoordinate.cpp">
      <Filter>Source Files</Filter>
    </ClCompile>
    <ClCompile Include="UtilitiesModule\GPSCoordinate.cpp">
      <Filter>Source Files</Filter>
    </ClCompile>
    <ClCompile Include="SensoryDataRetrievalModule\GPSSensoryData.cpp">
      <Filter>Source Files</Filter>
    </ClCompile>
    <ClCompile Include="UIModule\GraphicElementsPreparation.cpp">
      <Filter>Source Files</Filter>
    </ClCompile>
    <ClCompile Include="MathematicsModule\NonlinearNonquadratic4x3SistemSolver.cpp">
      <Filter>Source Files</Filter>
    </ClCompile>
    <ClCompile Include="UtilitiesModule\GeometricalUtils.cpp">
      <Filter>Source Files</Filter>
    </ClCompile>
    <ClCompile Include="UtilitiesModule\MathUtils.cpp">
      <Filter>Source Files</Filter>
    </ClCompile>
    <ClCompile Include="UtilitiesModule\SphericalCoordinate.cpp">
      <Filter>Source Files</Filter>
    </ClCompile>
    <ClCompile Include="UIModule\DisplayDriver.cpp">
      <Filter>Source Files</Filter>
    </ClCompile>
  </ItemGroup>
</Project>